
Microsoft Visual Studio Solution File, Format Version 12.00
# Visual Studio Version 16
VisualStudioVersion = 25.0.1703.5
MinimumVisualStudioVersion = 10.0.40219.1
Project("{FAE04EC0-301F-11D3-BF4B-00C04F79EFBC}") = "PhonebookProject", "PhonebookProject.csproj", "{548AD06A-AD0D-47B8-B6BF-F78BC46F218E}"
EndProject
Global
	GlobalSection(SolutionConfigurationPlatforms) = preSolution
		Debug|Any CPU = Debug|Any CPU
		Release|Any CPU = Release|Any CPU
	EndGlobalSection
	GlobalSection(ProjectConfigurationPlatforms) = postSolution
		{548AD06A-AD0D-47B8-B6BF-F78BC46F218E}.Debug|Any CPU.ActiveCfg = Debug|Any CPU
		{548AD06A-AD0D-47B8-B6BF-F78BC46F218E}.Debug|Any CPU.Build.0 = Debug|Any CPU
		{548AD06A-AD0D-47B8-B6BF-F78BC46F218E}.Release|Any CPU.ActiveCfg = Release|Any CPU
		{548AD06A-AD0D-47B8-B6BF-F78BC46F218E}.Release|Any CPU.Build.0 = Release|Any CPU
	EndGlobalSection
	GlobalSection(SolutionProperties) = preSolution
		HideSolutionNode = FALSE
	EndGlobalSection
	GlobalSection(ExtensibilityGlobals) = postSolution
		SolutionGuid = {3B37871C-1AA3-4110-967B-F9B070DF0F85}
	EndGlobalSection
EndGlobal
